// !$*UTF8*$!
{
	archiveVersion = 1;
	classes = {
	};
	objectVersion = 56;
	objects = {

/* Begin PBXBuildFile section */
		29925F2429B319F70004064B /* airheadsFrontendApp.swift in Sources */ = {isa = PBXBuildFile; fileRef = 29925F2329B319F70004064B /* airheadsFrontendApp.swift */; };
		29925F2629B319F70004064B /* ContentView.swift in Sources */ = {isa = PBXBuildFile; fileRef = 29925F2529B319F70004064B /* ContentView.swift */; };
		29925F2829B319F80004064B /* Assets.xcassets in Resources */ = {isa = PBXBuildFile; fileRef = 29925F2729B319F80004064B /* Assets.xcassets */; };
		29925F2B29B319F80004064B /* Preview Assets.xcassets in Resources */ = {isa = PBXBuildFile; fileRef = 29925F2A29B319F80004064B /* Preview Assets.xcassets */; };
		29925F3629B31B910004064B /* ProfileHome.swift in Sources */ = {isa = PBXBuildFile; fileRef = 29925F3529B31B910004064B /* ProfileHome.swift */; };
		29925F3A29B31E660004064B /* RequestRideHome.swift in Sources */ = {isa = PBXBuildFile; fileRef = 29925F3929B31E660004064B /* RequestRideHome.swift */; };
		29925F3C29B31E890004064B /* MessageHome.swift in Sources */ = {isa = PBXBuildFile; fileRef = 29925F3B29B31E890004064B /* MessageHome.swift */; };
/* End PBXBuildFile section */

/* Begin PBXFileReference section */
		29925F2029B319F70004064B /* airheadsFrontend.app */ = {isa = PBXFileReference; explicitFileType = wrapper.application; includeInIndex = 0; path = airheadsFrontend.app; sourceTree = BUILT_PRODUCTS_DIR; };
		29925F2329B319F70004064B /* airheadsFrontendApp.swift */ = {isa = PBXFileReference; lastKnownFileType = sourcecode.swift; path = airheadsFrontendApp.swift; sourceTree = "<group>"; };
		29925F2529B319F70004064B /* ContentView.swift */ = {isa = PBXFileReference; lastKnownFileType = sourcecode.swift; path = ContentView.swift; sourceTree = "<group>"; };
		29925F2729B319F80004064B /* Assets.xcassets */ = {isa = PBXFileReference; lastKnownFileType = folder.assetcatalog; path = Assets.xcassets; sourceTree = "<group>"; };
		29925F2A29B319F80004064B /* Preview Assets.xcassets */ = {isa = PBXFileReference; lastKnownFileType = folder.assetcatalog; path = "Preview Assets.xcassets"; sourceTree = "<group>"; };
		29925F3529B31B910004064B /* ProfileHome.swift */ = {isa = PBXFileReference; lastKnownFileType = sourcecode.swift; path = ProfileHome.swift; sourceTree = "<group>"; };
		29925F3929B31E660004064B /* RequestRideHome.swift */ = {isa = PBXFileReference; lastKnownFileType = sourcecode.swift; path = RequestRideHome.swift; sourceTree = "<group>"; };
		29925F3B29B31E890004064B /* MessageHome.swift */ = {isa = PBXFileReference; lastKnownFileType = sourcecode.swift; path = MessageHome.swift; sourceTree = "<group>"; };
/* End PBXFileReference section */

/* Begin PBXFrameworksBuildPhase section */
		29925F1D29B319F70004064B /* Frameworks */ = {
			isa = PBXFrameworksBuildPhase;
			buildActionMask = 2147483647;
			files = (
			);
			runOnlyForDeploymentPostprocessing = 0;
		};
/* End PBXFrameworksBuildPhase section */

/* Begin PBXGroup section */
		29925F1729B319F70004064B = {
			isa = PBXGroup;
			children = (
				29925F2229B319F70004064B /* airheadsFrontend */,
				29925F2529B319F70004064B /* ContentView.swift */,
				29925F2129B319F70004064B /* Products */,
			);
			sourceTree = "<group>";
		};
		29925F2129B319F70004064B /* Products */ = {
			isa = PBXGroup;
			children = (
				29925F2029B319F70004064B /* airheadsFrontend.app */,
			);
			name = Products;
			sourceTree = "<group>";
		};
		29925F2229B319F70004064B /* airheadsFrontend */ = {
			isa = PBXGroup;
			children = (
				29925F2329B319F70004064B /* airheadsFrontendApp.swift */,
				29925F3129B31B2B0004064B /* Views */,
				29925F2729B319F80004064B /* Assets.xcassets */,
				29925F2929B319F80004064B /* Preview Content */,
			);
			path = airheadsFrontend;
			sourceTree = "<group>";
		};
		29925F2929B319F80004064B /* Preview Content */ = {
			isa = PBXGroup;
			children = (
				29925F2A29B319F80004064B /* Preview Assets.xcassets */,
			);
			path = "Preview Content";
			sourceTree = "<group>";
		};
		29925F3129B31B2B0004064B /* Views */ = {
			isa = PBXGroup;
			children = (
				29925F3829B31E4B0004064B /* Message */,
				29925F3729B31E3D0004064B /* RequestRide */,
				29925F3429B31B7B0004064B /* Profile */,
			);
			path = Views;
			sourceTree = "<group>";
		};
		29925F3429B31B7B0004064B /* Profile */ = {
			isa = PBXGroup;
			children = (
				29925F3529B31B910004064B /* ProfileHome.swift */,
			);
			path = Profile;
			sourceTree = "<group>";
		};
		29925F3729B31E3D0004064B /* RequestRide */ = {
			isa = PBXGroup;
			children = (
				29925F3929B31E660004064B /* RequestRideHome.swift */,
			);
			path = RequestRide;
			sourceTree = "<group>";
		};
		29925F3829B31E4B0004064B /* Message */ = {
			isa = PBXGroup;
			children = (
				29925F3B29B31E890004064B /* MessageHome.swift */,
			);
			path = Message;
			sourceTree = "<group>";
		};
/* End PBXGroup section */

/* Begin PBXNativeTarget section */
		29925F1F29B319F70004064B /* airheadsFrontend */ = {
			isa = PBXNativeTarget;
			buildConfigurationList = 29925F2E29B319F80004064B /* Build configuration list for PBXNativeTarget "airheadsFrontend" */;
			buildPhases = (
				29925F1C29B319F70004064B /* Sources */,
				29925F1D29B319F70004064B /* Frameworks */,
				29925F1E29B319F70004064B /* Resources */,
			);
			buildRules = (
			);
			dependencies = (
			);
			name = airheadsFrontend;
			productName = airheadsFrontend;
			productReference = 29925F2029B319F70004064B /* airheadsFrontend.app */;
			productType = "com.apple.product-type.application";
		};
/* End PBXNativeTarget section */

/* Begin PBXProject section */
		29925F1829B319F70004064B /* Project object */ = {
			isa = PBXProject;
			attributes = {
				BuildIndependentTargetsInParallel = 1;
				LastSwiftUpdateCheck = 1420;
				LastUpgradeCheck = 1420;
				TargetAttributes = {
					29925F1F29B319F70004064B = {
						CreatedOnToolsVersion = 14.2;
					};
				};
			};
			buildConfigurationList = 29925F1B29B319F70004064B /* Build configuration list for PBXProject "airheadsFrontend" */;
			compatibilityVersion = "Xcode 14.0";
			developmentRegion = en;
			hasScannedForEncodings = 0;
			knownRegions = (
				en,
				Base,
			);
			mainGroup = 29925F1729B319F70004064B;
			productRefGroup = 29925F2129B319F70004064B /* Products */;
			projectDirPath = "";
			projectRoot = "";
			targets = (
				29925F1F29B319F70004064B /* airheadsFrontend */,
			);
		};
/* End PBXProject section */

/* Begin PBXResourcesBuildPhase section */
		29925F1E29B319F70004064B /* Resources */ = {
			isa = PBXResourcesBuildPhase;
			buildActionMask = 2147483647;
			files = (
				29925F2B29B319F80004064B /* Preview Assets.xcassets in Resources */,
				29925F2829B319F80004064B /* Assets.xcassets in Resources */,
			);
			runOnlyForDeploymentPostprocessing = 0;
		};
/* End PBXResourcesBuildPhase section */

/* Begin PBXSourcesBuildPhase section */
		29925F1C29B319F70004064B /* Sources */ = {
			isa = PBXSourcesBuildPhase;
			buildActionMask = 2147483647;
			files = (
				29925F3C29B31E890004064B /* MessageHome.swift in Sources */,
				29925F3A29B31E660004064B /* RequestRideHome.swift in Sources */,
				29925F2629B319F70004064B /* ContentView.swift in Sources */,
				29925F2429B319F70004064B /* airheadsFrontendApp.swift in Sources */,
				29925F3629B31B910004064B /* ProfileHome.swift in Sources */,
			);
			runOnlyForDeploymentPostprocessing = 0;
		};
/* End PBXSourcesBuildPhase section */

/* Begin XCBuildConfiguration section */
		29925F2C29B319F80004064B /* Debug */ = {
			isa = XCBuildConfiguration;
			buildSettings = {
				ALWAYS_SEARCH_USER_PATHS = NO;
				CLANG_ANALYZER_NONNULL = YES;
				CLANG_ANALYZER_NUMBER_OBJECT_CONVERSION = YES_AGGRESSIVE;
				CLANG_CXX_LANGUAGE_STANDARD = "gnu++20";
				CLANG_ENABLE_MODULES = YES;
				CLANG_ENABLE_OBJC_ARC = YES;
				CLANG_ENABLE_OBJC_WEAK = YES;
				CLANG_WARN_BLOCK_CAPTURE_AUTORELEASING = YES;
				CLANG_WARN_BOOL_CONVERSION = YES;
				CLANG_WARN_COMMA = YES;
				CLANG_WARN_CONSTANT_CONVERSION = YES;
				CLANG_WARN_DEPRECATED_OBJC_IMPLEMENTATIONS = YES;
				CLANG_WARN_DIRECT_OBJC_ISA_USAGE = YES_ERROR;
				CLANG_WARN_DOCUMENTATION_COMMENTS = YES;
				CLANG_WARN_EMPTY_BODY = YES;
				CLANG_WARN_ENUM_CONVERSION = YES;
				CLANG_WARN_INFINITE_RECURSION = YES;
				CLANG_WARN_INT_CONVERSION = YES;
				CLANG_WARN_NON_LITERAL_NULL_CONVERSION = YES;
				CLANG_WARN_OBJC_IMPLICIT_RETAIN_SELF = YES;
				CLANG_WARN_OBJC_LITERAL_CONVERSION = YES;
				CLANG_WARN_OBJC_ROOT_CLASS = YES_ERROR;
				CLANG_WARN_QUOTED_INCLUDE_IN_FRAMEWORK_HEADER = YES;
				CLANG_WARN_RANGE_LOOP_ANALYSIS = YES;
				CLANG_WARN_STRICT_PROTOTYPES = YES;
				CLANG_WARN_SUSPICIOUS_MOVE = YES;
				CLANG_WARN_UNGUARDED_AVAILABILITY = YES_AGGRESSIVE;
				CLANG_WARN_UNREACHABLE_CODE = YES;
				CLANG_WARN__DUPLICATE_METHOD_MATCH = YES;
				COPY_PHASE_STRIP = NO;
				DEBUG_INFORMATION_FORMAT = dwarf;
				ENABLE_STRICT_OBJC_MSGSEND = YES;
				ENABLE_TESTABILITY = YES;
				GCC_C_LANGUAGE_STANDARD = gnu11;
				GCC_DYNAMIC_NO_PIC = NO;
				GCC_NO_COMMON_BLOCKS = YES;
				GCC_OPTIMIZATION_LEVEL = 0;
				GCC_PREPROCESSOR_DEFINITIONS = (
					"DEBUG=1",
					"$(inherited)",
				);
				GCC_WARN_64_TO_32_BIT_CONVERSION = YES;
				GCC_WARN_ABOUT_RETURN_TYPE = YES_ERROR;
				GCC_WARN_UNDECLARED_SELECTOR = YES;
				GCC_WARN_UNINITIALIZED_AUTOS = YES_AGGRESSIVE;
				GCC_WARN_UNUSED_FUNCTION = YES;
				GCC_WARN_UNUSED_VARIABLE = YES;
				IPHONEOS_DEPLOYMENT_TARGET = 16.2;
				MTL_ENABLE_DEBUG_INFO = INCLUDE_SOURCE;
				MTL_FAST_MATH = YES;
				ONLY_ACTIVE_ARCH = YES;
				SDKROOT = iphoneos;
				SWIFT_ACTIVE_COMPILATION_CONDITIONS = DEBUG;
				SWIFT_OPTIMIZATION_LEVEL = "-Onone";
			};
			name = Debug;
		};
		29925F2D29B319F80004064B /* Release */ = {
			isa = XCBuildConfiguration;
			buildSettings = {
				ALWAYS_SEARCH_USER_PATHS = NO;
				CLANG_ANALYZER_NONNULL = YES;
				CLANG_ANALYZER_NUMBER_OBJECT_CONVERSION = YES_AGGRESSIVE;
				CLANG_CXX_LANGUAGE_STANDARD = "gnu++20";
				CLANG_ENABLE_MODULES = YES;
				CLANG_ENABLE_OBJC_ARC = YES;
				CLANG_ENABLE_OBJC_WEAK = YES;
				CLANG_WARN_BLOCK_CAPTURE_AUTORELEASING = YES;
				CLANG_WARN_BOOL_CONVERSION = YES;
				CLANG_WARN_COMMA = YES;
				CLANG_WARN_CONSTANT_CONVERSION = YES;
				CLANG_WARN_DEPRECATED_OBJC_IMPLEMENTATIONS = YES;
				CLANG_WARN_DIRECT_OBJC_ISA_USAGE = YES_ERROR;
				CLANG_WARN_DOCUMENTATION_COMMENTS = YES;
				CLANG_WARN_EMPTY_BODY = YES;
				CLANG_WARN_ENUM_CONVERSION = YES;
				CLANG_WARN_INFINITE_RECURSION = YES;
				CLANG_WARN_INT_CONVERSION = YES;
				CLANG_WARN_NON_LITERAL_NULL_CONVERSION = YES;
				CLANG_WARN_OBJC_IMPLICIT_RETAIN_SELF = YES;
				CLANG_WARN_OBJC_LITERAL_CONVERSION = YES;
				CLANG_WARN_OBJC_ROOT_CLASS = YES_ERROR;
				CLANG_WARN_QUOTED_INCLUDE_IN_FRAMEWORK_HEADER = YES;
				CLANG_WARN_RANGE_LOOP_ANALYSIS = YES;
				CLANG_WARN_STRICT_PROTOTYPES = YES;
				CLANG_WARN_SUSPICIOUS_MOVE = YES;
				CLANG_WARN_UNGUARDED_AVAILABILITY = YES_AGGRESSIVE;
				CLANG_WARN_UNREACHABLE_CODE = YES;
				CLANG_WARN__DUPLICATE_METHOD_MATCH = YES;
				COPY_PHASE_STRIP = NO;
				DEBUG_INFORMATION_FORMAT = "dwarf-with-dsym";
				ENABLE_NS_ASSERTIONS = NO;
				ENABLE_STRICT_OBJC_MSGSEND = YES;
				GCC_C_LANGUAGE_STANDARD = gnu11;
				GCC_NO_COMMON_BLOCKS = YES;
				GCC_WARN_64_TO_32_BIT_CONVERSION = YES;
				GCC_WARN_ABOUT_RETURN_TYPE = YES_ERROR;
				GCC_WARN_UNDECLARED_SELECTOR = YES;
				GCC_WARN_UNINITIALIZED_AUTOS = YES_AGGRESSIVE;
				GCC_WARN_UNUSED_FUNCTION = YES;
				GCC_WARN_UNUSED_VARIABLE = YES;
				IPHONEOS_DEPLOYMENT_TARGET = 16.2;
				MTL_ENABLE_DEBUG_INFO = NO;
				MTL_FAST_MATH = YES;
				SDKROOT = iphoneos;
				SWIFT_COMPILATION_MODE = wholemodule;
				SWIFT_OPTIMIZATION_LEVEL = "-O";
				VALIDATE_PRODUCT = YES;
			};
			name = Release;
		};
		29925F2F29B319F80004064B /* Debug */ = {
			isa = XCBuildConfiguration;
			buildSettings = {
				ASSETCATALOG_COMPILER_APPICON_NAME = AppIcon;
				ASSETCATALOG_COMPILER_GLOBAL_ACCENT_COLOR_NAME = AccentColor;
				CODE_SIGN_STYLE = Automatic;
				CURRENT_PROJECT_VERSION = 1;
				DEVELOPMENT_ASSET_PATHS = "\"airheadsFrontend/Preview Content\"";
				ENABLE_PREVIEWS = YES;
				GENERATE_INFOPLIST_FILE = YES;
				INFOPLIST_KEY_UIApplicationSceneManifest_Generation = YES;
				INFOPLIST_KEY_UIApplicationSupportsIndirectInputEvents = YES;
				INFOPLIST_KEY_UILaunchScreen_Generation = YES;
				INFOPLIST_KEY_UISupportedInterfaceOrientations_iPad = "UIInterfaceOrientationPortrait UIInterfaceOrientationPortraitUpsideDown UIInterfaceOrientationLandscapeLeft UIInterfaceOrientationLandscapeRight";
				INFOPLIST_KEY_UISupportedInterfaceOrientations_iPhone = "UIInterfaceOrientationPortrait UIInterfaceOrientationLandscapeLeft UIInterfaceOrientationLandscapeRight";
				LD_RUNPATH_SEARCH_PATHS = (
					"$(inherited)",
					"@executable_path/Frameworks",
				);
				MARKETING_VERSION = 1.0;
				PRODUCT_BUNDLE_IDENTIFIER = teamAirheads.airheadsFrontend;
				PRODUCT_NAME = "$(TARGET_NAME)";
				SWIFT_EMIT_LOC_STRINGS = YES;
				SWIFT_VERSION = 5.0;
				TARGETED_DEVICE_FAMILY = "1,2";
			};
			name = Debug;
		};
		29925F3029B319F80004064B /* Release */ = {
			isa = XCBuildConfiguration;
			buildSettings = {
				ASSETCATALOG_COMPILER_APPICON_NAME = AppIcon;
				ASSETCATALOG_COMPILER_GLOBAL_ACCENT_COLOR_NAME = AccentColor;
				CODE_SIGN_STYLE = Automatic;
				CURRENT_PROJECT_VERSION = 1;
				DEVELOPMENT_ASSET_PATHS = "\"airheadsFrontend/Preview Content\"";
				ENABLE_PREVIEWS = YES;
				GENERATE_INFOPLIST_FILE = YES;
				INFOPLIST_KEY_UIApplicationSceneManifest_Generation = YES;
				INFOPLIST_KEY_UIApplicationSupportsIndirectInputEvents = YES;
				INFOPLIST_KEY_UILaunchScreen_Generation = YES;
				INFOPLIST_KEY_UISupportedInterfaceOrientations_iPad = "UIInterfaceOrientationPortrait UIInterfaceOrientationPortraitUpsideDown UIInterfaceOrientationLandscapeLeft UIInterfaceOrientationLandscapeRight";
				INFOPLIST_KEY_UISupportedInterfaceOrientations_iPhone = "UIInterfaceOrientationPortrait UIInterfaceOrientationLandscapeLeft UIInterfaceOrientationLandscapeRight";
				LD_RUNPATH_SEARCH_PATHS = (
					"$(inherited)",
					"@executable_path/Frameworks",
				);
				MARKETING_VERSION = 1.0;
				PRODUCT_BUNDLE_IDENTIFIER = teamAirheads.airheadsFrontend;
				PRODUCT_NAME = "$(TARGET_NAME)";
				SWIFT_EMIT_LOC_STRINGS = YES;
				SWIFT_VERSION = 5.0;
				TARGETED_DEVICE_FAMILY = "1,2";
			};
			name = Release;
		};
/* End XCBuildConfiguration section */

/* Begin XCConfigurationList section */
		29925F1B29B319F70004064B /* Build configuration list for PBXProject "airheadsFrontend" */ = {
			isa = XCConfigurationList;
			buildConfigurations = (
				29925F2C29B319F80004064B /* Debug */,
				29925F2D29B319F80004064B /* Release */,
			);
			defaultConfigurationIsVisible = 0;
			defaultConfigurationName = Release;
		};
		29925F2E29B319F80004064B /* Build configuration list for PBXNativeTarget "airheadsFrontend" */ = {
			isa = XCConfigurationList;
			buildConfigurations = (
				29925F2F29B319F80004064B /* Debug */,
				29925F3029B319F80004064B /* Release */,
			);
			defaultConfigurationIsVisible = 0;
			defaultConfigurationName = Release;
		};
/* End XCConfigurationList section */
	};
	rootObject = 29925F1829B319F70004064B /* Project object */;
}
